
Microsoft Visual Studio Solution File, Format Version 12.00
# Visual Studio Version 16
VisualStudioVersion = 16.0.31424.327
MinimumVisualStudioVersion = 10.0.40219.1
Project("{FAE04EC0-301F-11D3-BF4B-00C04F79EFBC}") = "EateryPOSSystem", "EateryPOSSystem\EateryPOSSystem.csproj", "{CA2FDD31-A84A-438E-ADCF-EF9363F8FA62}"
EndProject
Global
	GlobalSection(SolutionConfigurationPlatforms) = preSolution
		Debug|Any CPU = Debug|Any CPU
		Release|Any CPU = Release|Any CPU
	EndGlobalSection
	GlobalSection(ProjectConfigurationPlatforms) = postSolution
		{CA2FDD31-A84A-438E-ADCF-EF9363F8FA62}.Debug|Any CPU.ActiveCfg = Debug|Any CPU
		{CA2FDD31-A84A-438E-ADCF-EF9363F8FA62}.Debug|Any CPU.Build.0 = Debug|Any CPU
		{CA2FDD31-A84A-438E-ADCF-EF9363F8FA62}.Release|Any CPU.ActiveCfg = Release|Any CPU
		{CA2FDD31-A84A-438E-ADCF-EF9363F8FA62}.Release|Any CPU.Build.0 = Release|Any CPU
	EndGlobalSection
	GlobalSection(SolutionProperties) = preSolution
		HideSolutionNode = FALSE
	EndGlobalSection
	GlobalSection(ExtensibilityGlobals) = postSolution
		SolutionGuid = {6859149F-EC71-4A8B-8A59-9346B7190B7B}
	EndGlobalSection
EndGlobal
